
Microsoft Visual Studio Solution File, Format Version 12.00
# Visual Studio 15
VisualStudioVersion = 15.0.26430.6
MinimumVisualStudioVersion = 10.0.40219.1
Project("{FAE04EC0-301F-11D3-BF4B-00C04F79EFBC}") = "MVVMLightStart.Android", "MVVMLightStart\MVVMLightStart.Android\MVVMLightStart.Android.csproj", "{B5A72E2F-546E-44A9-A40B-91A3F71CA38B}"
EndProject
Project("{FAE04EC0-301F-11D3-BF4B-00C04F79EFBC}") = "MVVMLightStart", "MVVMLightStart\MVVMLightStart\MVVMLightStart.csproj", "{769B1C09-87C5-484F-8F54-4B40EE0A7F90}"
EndProject
Global
	GlobalSection(SolutionConfigurationPlatforms) = preSolution
		Ad-Hoc|Any CPU = Ad-Hoc|Any CPU
		Ad-Hoc|iPhone = Ad-Hoc|iPhone
		Ad-Hoc|iPhoneSimulator = Ad-Hoc|iPhoneSimulator
		AppStore|Any CPU = AppStore|Any CPU
		AppStore|iPhone = AppStore|iPhone
		AppStore|iPhoneSimulator = AppStore|iPhoneSimulator
		Debug|Any CPU = Debug|Any CPU
		Debug|iPhone = Debug|iPhone
		Debug|iPhoneSimulator = Debug|iPhoneSimulator
		Release|Any CPU = Release|Any CPU
		Release|iPhone = Release|iPhone
		Release|iPhoneSimulator = Release|iPhoneSimulator
	EndGlobalSection
	GlobalSection(ProjectConfigurationPlatforms) = postSolution
		{B5A72E2F-546E-44A9-A40B-91A3F71CA38B}.Ad-Hoc|Any CPU.ActiveCfg = Release|Any CPU
		{B5A72E2F-546E-44A9-A40B-91A3F71CA38B}.Ad-Hoc|Any CPU.Build.0 = Release|Any CPU
		{B5A72E2F-546E-44A9-A40B-91A3F71CA38B}.Ad-Hoc|Any CPU.Deploy.0 = Release|Any CPU
		{B5A72E2F-546E-44A9-A40B-91A3F71CA38B}.Ad-Hoc|iPhone.ActiveCfg = Release|Any CPU
		{B5A72E2F-546E-44A9-A40B-91A3F71CA38B}.Ad-Hoc|iPhone.Build.0 = Release|Any CPU
		{B5A72E2F-546E-44A9-A40B-91A3F71CA38B}.Ad-Hoc|iPhone.Deploy.0 = Release|Any CPU
		{B5A72E2F-546E-44A9-A40B-91A3F71CA38B}.Ad-Hoc|iPhoneSimulator.ActiveCfg = Release|Any CPU
		{B5A72E2F-546E-44A9-A40B-91A3F71CA38B}.Ad-Hoc|iPhoneSimulator.Build.0 = Release|Any CPU
		{B5A72E2F-546E-44A9-A40B-91A3F71CA38B}.Ad-Hoc|iPhoneSimulator.Deploy.0 = Release|Any CPU
		{B5A72E2F-546E-44A9-A40B-91A3F71CA38B}.AppStore|Any CPU.ActiveCfg = Release|Any CPU
		{B5A72E2F-546E-44A9-A40B-91A3F71CA38B}.AppStore|Any CPU.Build.0 = Release|Any CPU
		{B5A72E2F-546E-44A9-A40B-91A3F71CA38B}.AppStore|Any CPU.Deploy.0 = Release|Any CPU
		{B5A72E2F-546E-44A9-A40B-91A3F71CA38B}.AppStore|iPhone.ActiveCfg = Release|Any CPU
		{B5A72E2F-546E-44A9-A40B-91A3F71CA38B}.AppStore|iPhone.Build.0 = Release|Any CPU
		{B5A72E2F-546E-44A9-A40B-91A3F71CA38B}.AppStore|iPhone.Deploy.0 = Release|Any CPU
		{B5A72E2F-546E-44A9-A40B-91A3F71CA38B}.AppStore|iPhoneSimulator.ActiveCfg = Release|Any CPU
		{B5A72E2F-546E-44A9-A40B-91A3F71CA38B}.AppStore|iPhoneSimulator.Build.0 = Release|Any CPU
		{B5A72E2F-546E-44A9-A40B-91A3F71CA38B}.AppStore|iPhoneSimulator.Deploy.0 = Release|Any CPU
		{B5A72E2F-546E-44A9-A40B-91A3F71CA38B}.Debug|Any CPU.ActiveCfg = Debug|Any CPU
		{B5A72E2F-546E-44A9-A40B-91A3F71CA38B}.Debug|Any CPU.Build.0 = Debug|Any CPU
		{B5A72E2F-546E-44A9-A40B-91A3F71CA38B}.Debug|Any CPU.Deploy.0 = Debug|Any CPU
		{B5A72E2F-546E-44A9-A40B-91A3F71CA38B}.Debug|iPhone.ActiveCfg = Debug|Any CPU
		{B5A72E2F-546E-44A9-A40B-91A3F71CA38B}.Debug|iPhone.Build.0 = Debug|Any CPU
		{B5A72E2F-546E-44A9-A40B-91A3F71CA38B}.Debug|iPhone.Deploy.0 = Debug|Any CPU
		{B5A72E2F-546E-44A9-A40B-91A3F71CA38B}.Debug|iPhoneSimulator.ActiveCfg = Debug|Any CPU
		{B5A72E2F-546E-44A9-A40B-91A3F71CA38B}.Debug|iPhoneSimulator.Build.0 = Debug|Any CPU
		{B5A72E2F-546E-44A9-A40B-91A3F71CA38B}.Debug|iPhoneSimulator.Deploy.0 = Debug|Any CPU
		{B5A72E2F-546E-44A9-A40B-91A3F71CA38B}.Release|Any CPU.ActiveCfg = Release|Any CPU
		{B5A72E2F-546E-44A9-A40B-91A3F71CA38B}.Release|Any CPU.Build.0 = Release|Any CPU
		{B5A72E2F-546E-44A9-A40B-91A3F71CA38B}.Release|Any CPU.Deploy.0 = Release|Any CPU
		{B5A72E2F-546E-44A9-A40B-91A3F71CA38B}.Release|iPhone.ActiveCfg = Release|Any CPU
		{B5A72E2F-546E-44A9-A40B-91A3F71CA38B}.Release|iPhone.Build.0 = Release|Any CPU
		{B5A72E2F-546E-44A9-A40B-91A3F71CA38B}.Release|iPhone.Deploy.0 = Release|Any CPU
		{B5A72E2F-546E-44A9-A40B-91A3F71CA38B}.Release|iPhoneSimulator.ActiveCfg = Release|Any CPU
		{B5A72E2F-546E-44A9-A40B-91A3F71CA38B}.Release|iPhoneSimulator.Build.0 = Release|Any CPU
		{B5A72E2F-546E-44A9-A40B-91A3F71CA38B}.Release|iPhoneSimulator.Deploy.0 = Release|Any CPU
		{769B1C09-87C5-484F-8F54-4B40EE0A7F90}.Ad-Hoc|Any CPU.ActiveCfg = Release|Any CPU
		{769B1C09-87C5-484F-8F54-4B40EE0A7F90}.Ad-Hoc|Any CPU.Build.0 = Release|Any CPU
		{769B1C09-87C5-484F-8F54-4B40EE0A7F90}.Ad-Hoc|iPhone.ActiveCfg = Release|Any CPU
		{769B1C09-87C5-484F-8F54-4B40EE0A7F90}.Ad-Hoc|iPhone.Build.0 = Release|Any CPU
		{769B1C09-87C5-484F-8F54-4B40EE0A7F90}.Ad-Hoc|iPhoneSimulator.ActiveCfg = Release|Any CPU
		{769B1C09-87C5-484F-8F54-4B40EE0A7F90}.Ad-Hoc|iPhoneSimulator.Build.0 = Release|Any CPU
		{769B1C09-87C5-484F-8F54-4B40EE0A7F90}.AppStore|Any CPU.ActiveCfg = Release|Any CPU
		{769B1C09-87C5-484F-8F54-4B40EE0A7F90}.AppStore|Any CPU.Build.0 = Release|Any CPU
		{769B1C09-87C5-484F-8F54-4B40EE0A7F90}.AppStore|iPhone.ActiveCfg = Release|Any CPU
		{769B1C09-87C5-484F-8F54-4B40EE0A7F90}.AppStore|iPhone.Build.0 = Release|Any CPU
		{769B1C09-87C5-484F-8F54-4B40EE0A7F90}.AppStore|iPhoneSimulator.ActiveCfg = Release|Any CPU
		{769B1C09-87C5-484F-8F54-4B40EE0A7F90}.AppStore|iPhoneSimulator.Build.0 = Release|Any CPU
		{769B1C09-87C5-484F-8F54-4B40EE0A7F90}.Debug|Any CPU.ActiveCfg = Debug|Any CPU
		{769B1C09-87C5-484F-8F54-4B40EE0A7F90}.Debug|Any CPU.Build.0 = Debug|Any CPU
		{769B1C09-87C5-484F-8F54-4B40EE0A7F90}.Debug|iPhone.ActiveCfg = Debug|Any CPU
		{769B1C09-87C5-484F-8F54-4B40EE0A7F90}.Debug|iPhone.Build.0 = Debug|Any CPU
		{769B1C09-87C5-484F-8F54-4B40EE0A7F90}.Debug|iPhoneSimulator.ActiveCfg = Debug|Any CPU
		{769B1C09-87C5-484F-8F54-4B40EE0A7F90}.Debug|iPhoneSimulator.Build.0 = Debug|Any CPU
		{769B1C09-87C5-484F-8F54-4B40EE0A7F90}.Release|Any CPU.ActiveCfg = Release|Any CPU
		{769B1C09-87C5-484F-8F54-4B40EE0A7F90}.Release|Any CPU.Build.0 = Release|Any CPU
		{769B1C09-87C5-484F-8F54-4B40EE0A7F90}.Release|iPhone.ActiveCfg = Release|Any CPU
		{769B1C09-87C5-484F-8F54-4B40EE0A7F90}.Release|iPhone.Build.0 = Release|Any CPU
		{769B1C09-87C5-484F-8F54-4B40EE0A7F90}.Release|iPhoneSimulator.ActiveCfg = Release|Any CPU
		{769B1C09-87C5-484F-8F54-4B40EE0A7F90}.Release|iPhoneSimulator.Build.0 = Release|Any CPU
	EndGlobalSection
	GlobalSection(SolutionProperties) = preSolution
		HideSolutionNode = FALSE
	EndGlobalSection
EndGlobal
